
Microsoft Visual Studio Solution File, Format Version 12.00
# Visual Studio 15
VisualStudioVersion = 15.0.28010.2003
MinimumVisualStudioVersion = 10.0.40219.1
Project("{D2ABAB84-BF74-430A-B69E-9DC6D40DDA17}") = "HESAMultidimensionalDataMining", "HESAMultidimensionalDataMining\HESAMultidimensionalDataMining.dwproj", "{E0BEB462-030E-4E26-945B-D78741EFA99C}"
EndProject
Global
	GlobalSection(SolutionConfigurationPlatforms) = preSolution
		Development|Default = Development|Default
	EndGlobalSection
	GlobalSection(ProjectConfigurationPlatforms) = postSolution
		{E0BEB462-030E-4E26-945B-D78741EFA99C}.Development|Default.ActiveCfg = Development
		{E0BEB462-030E-4E26-945B-D78741EFA99C}.Development|Default.Build.0 = Development
		{E0BEB462-030E-4E26-945B-D78741EFA99C}.Development|Default.Deploy.0 = Development
	EndGlobalSection
	GlobalSection(SolutionProperties) = preSolution
		HideSolutionNode = FALSE
	EndGlobalSection
	GlobalSection(ExtensibilityGlobals) = postSolution
		SolutionGuid = {DB1E5DA0-5AB4-47EA-AE5C-E3BC4D243764}
	EndGlobalSection
EndGlobal
