
Microsoft Visual Studio Solution File, Format Version 12.00
# Visual Studio 15
VisualStudioVersion = 15.0.28010.2003
MinimumVisualStudioVersion = 10.0.40219.1
Project("{D2ABAB84-BF74-430A-B69E-9DC6D40DDA17}") = "MultidimensionalSITSMart", "MultidimensionalSITSMart\MultidimensionalSITSMart.dwproj", "{866D023D-A5AD-4D01-9606-67E1341387A9}"
EndProject
Global
	GlobalSection(SolutionConfigurationPlatforms) = preSolution
		Development|Default = Development|Default
	EndGlobalSection
	GlobalSection(ProjectConfigurationPlatforms) = postSolution
		{866D023D-A5AD-4D01-9606-67E1341387A9}.Development|Default.ActiveCfg = Development
		{866D023D-A5AD-4D01-9606-67E1341387A9}.Development|Default.Build.0 = Development
		{866D023D-A5AD-4D01-9606-67E1341387A9}.Development|Default.Deploy.0 = Development
	EndGlobalSection
	GlobalSection(SolutionProperties) = preSolution
		HideSolutionNode = FALSE
	EndGlobalSection
	GlobalSection(ExtensibilityGlobals) = postSolution
		SolutionGuid = {D346E257-0030-4FFE-B400-0C4EA911BD8B}
	EndGlobalSection
EndGlobal
