
Microsoft Visual Studio Solution File, Format Version 12.00
# Visual Studio 15
VisualStudioVersion = 15.0.27703.2035
MinimumVisualStudioVersion = 10.0.40219.1
Project("{159641D6-6404-4A2A-AE62-294DE0FE8301}") = "SSIS_TestSQL", "SSIS_TestSQL\SSIS_TestSQL.dtproj", "{4A2B25D3-4E27-4763-B447-231941E4141F}"
EndProject
Global
	GlobalSection(SolutionConfigurationPlatforms) = preSolution
		Development|Default = Development|Default
	EndGlobalSection
	GlobalSection(ProjectConfigurationPlatforms) = postSolution
		{4A2B25D3-4E27-4763-B447-231941E4141F}.Development|Default.ActiveCfg = Development
		{4A2B25D3-4E27-4763-B447-231941E4141F}.Development|Default.Build.0 = Development
	EndGlobalSection
	GlobalSection(SolutionProperties) = preSolution
		HideSolutionNode = FALSE
	EndGlobalSection
	GlobalSection(ExtensibilityGlobals) = postSolution
		SolutionGuid = {B13B596C-9E9E-43F0-AC5A-4D31B252B745}
	EndGlobalSection
EndGlobal
