
Microsoft Visual Studio Solution File, Format Version 12.00
# Visual Studio 15
VisualStudioVersion = 15.0.28010.2003
MinimumVisualStudioVersion = 10.0.40219.1
Project("{F14B399A-7131-4C87-9E4B-1186C45EF12D}") = "HESA_Student_Project", "HESA_Student_Project\HESA_Student_Project.rptproj", "{3619B562-D5BF-4B97-B909-C08C5A58D356}"
EndProject
Global
	GlobalSection(SolutionConfigurationPlatforms) = preSolution
		Debug|Default = Debug|Default
		DebugLocal|Default = DebugLocal|Default
		Release|Default = Release|Default
	EndGlobalSection
	GlobalSection(ProjectConfigurationPlatforms) = postSolution
		{3619B562-D5BF-4B97-B909-C08C5A58D356}.Debug|Default.ActiveCfg = Debug
		{3619B562-D5BF-4B97-B909-C08C5A58D356}.Debug|Default.Build.0 = Debug
		{3619B562-D5BF-4B97-B909-C08C5A58D356}.Debug|Default.Deploy.0 = Debug
		{3619B562-D5BF-4B97-B909-C08C5A58D356}.DebugLocal|Default.ActiveCfg = DebugLocal
		{3619B562-D5BF-4B97-B909-C08C5A58D356}.DebugLocal|Default.Build.0 = DebugLocal
		{3619B562-D5BF-4B97-B909-C08C5A58D356}.Release|Default.ActiveCfg = Release
		{3619B562-D5BF-4B97-B909-C08C5A58D356}.Release|Default.Build.0 = Release
		{3619B562-D5BF-4B97-B909-C08C5A58D356}.Release|Default.Deploy.0 = Release
	EndGlobalSection
	GlobalSection(SolutionProperties) = preSolution
		HideSolutionNode = FALSE
	EndGlobalSection
	GlobalSection(ExtensibilityGlobals) = postSolution
		SolutionGuid = {AC79CA10-CCC2-4247-9A27-18701C38CCDE}
	EndGlobalSection
EndGlobal
